// !$*UTF8*$!
{
	archiveVersion = 1;
	classes = {
	};
	objectVersion = 50;
	objects = {

/* Begin PBXBuildFile section */
		A7477BEA2434CC4200F64B83 /* AppDelegate.swift in Sources */ = {isa = PBXBuildFile; fileRef = A7477BE92434CC4200F64B83 /* AppDelegate.swift */; };
		A7477BEC2434CC4200F64B83 /* ViewController.swift in Sources */ = {isa = PBXBuildFile; fileRef = A7477BEB2434CC4200F64B83 /* ViewController.swift */; };
		A7477BEF2434CC4200F64B83 /* Main.storyboard in Resources */ = {isa = PBXBuildFile; fileRef = A7477BED2434CC4200F64B83 /* Main.storyboard */; };
		A7477BF12434CC4500F64B83 /* Assets.xcassets in Resources */ = {isa = PBXBuildFile; fileRef = A7477BF02434CC4500F64B83 /* Assets.xcassets */; };
		A7477BF42434CC4500F64B83 /* LaunchScreen.storyboard in Resources */ = {isa = PBXBuildFile; fileRef = A7477BF22434CC4500F64B83 /* LaunchScreen.storyboard */; };
		A7477BFE2434FC7600F64B83 /* SearchViewController.swift in Sources */ = {isa = PBXBuildFile; fileRef = A7477BFD2434FC7600F64B83 /* SearchViewController.swift */; };
		A7477C022435E03B00F64B83 /* TabBarViewController.swift in Sources */ = {isa = PBXBuildFile; fileRef = A7477C012435E03B00F64B83 /* TabBarViewController.swift */; };
		A7477C042435E1D700F64B83 /* main.js in Resources */ = {isa = PBXBuildFile; fileRef = A7477C032435E1D700F64B83 /* main.js */; };
		A7477C082435E3D300F64B83 /* ResourceLoader.swift in Sources */ = {isa = PBXBuildFile; fileRef = A7477C072435E3D300F64B83 /* ResourceLoader.swift */; };
		A7477C0C243603F700F64B83 /* form.tvml in Sources */ = {isa = PBXBuildFile; fileRef = A7477C0B243603F700F64B83 /* form.tvml */; };
		A7477C0D2436044700F64B83 /* form.tvml in Resources */ = {isa = PBXBuildFile; fileRef = A7477C0B243603F700F64B83 /* form.tvml */; };
		A7477C0F2436045D00F64B83 /* search.tvml in Resources */ = {isa = PBXBuildFile; fileRef = A7477C0E2436045D00F64B83 /* search.tvml */; };
		A7477C132436053F00F64B83 /* text.tvml in Resources */ = {isa = PBXBuildFile; fileRef = A7477C122436053F00F64B83 /* text.tvml */; };
/* End PBXBuildFile section */

/* Begin PBXFileReference section */
		A7477BE62434CC4200F64B83 /* KeyboardDemo.app */ = {isa = PBXFileReference; explicitFileType = wrapper.application; includeInIndex = 0; path = KeyboardDemo.app; sourceTree = BUILT_PRODUCTS_DIR; };
		A7477BE92434CC4200F64B83 /* AppDelegate.swift */ = {isa = PBXFileReference; lastKnownFileType = sourcecode.swift; path = AppDelegate.swift; sourceTree = "<group>"; };
		A7477BEB2434CC4200F64B83 /* ViewController.swift */ = {isa = PBXFileReference; lastKnownFileType = sourcecode.swift; path = ViewController.swift; sourceTree = "<group>"; };
		A7477BEE2434CC4200F64B83 /* Base */ = {isa = PBXFileReference; lastKnownFileType = file.storyboard; name = Base; path = Base.lproj/Main.storyboard; sourceTree = "<group>"; };
		A7477BF02434CC4500F64B83 /* Assets.xcassets */ = {isa = PBXFileReference; lastKnownFileType = folder.assetcatalog; path = Assets.xcassets; sourceTree = "<group>"; };
		A7477BF32434CC4500F64B83 /* Base */ = {isa = PBXFileReference; lastKnownFileType = file.storyboard; name = Base; path = Base.lproj/LaunchScreen.storyboard; sourceTree = "<group>"; };
		A7477BF52434CC4500F64B83 /* Info.plist */ = {isa = PBXFileReference; lastKnownFileType = text.plist.xml; path = Info.plist; sourceTree = "<group>"; };
		A7477BFD2434FC7600F64B83 /* SearchViewController.swift */ = {isa = PBXFileReference; lastKnownFileType = sourcecode.swift; path = SearchViewController.swift; sourceTree = "<group>"; };
		A7477C012435E03B00F64B83 /* TabBarViewController.swift */ = {isa = PBXFileReference; lastKnownFileType = sourcecode.swift; path = TabBarViewController.swift; sourceTree = "<group>"; };
		A7477C032435E1D700F64B83 /* main.js */ = {isa = PBXFileReference; lastKnownFileType = sourcecode.javascript; path = main.js; sourceTree = "<group>"; };
		A7477C072435E3D300F64B83 /* ResourceLoader.swift */ = {isa = PBXFileReference; lastKnownFileType = sourcecode.swift; path = ResourceLoader.swift; sourceTree = "<group>"; };
		A7477C0B243603F700F64B83 /* form.tvml */ = {isa = PBXFileReference; lastKnownFileType = text.xml; path = form.tvml; sourceTree = "<group>"; };
		A7477C0E2436045D00F64B83 /* search.tvml */ = {isa = PBXFileReference; lastKnownFileType = text.xml; path = search.tvml; sourceTree = "<group>"; };
		A7477C122436053F00F64B83 /* text.tvml */ = {isa = PBXFileReference; lastKnownFileType = text; path = text.tvml; sourceTree = "<group>"; };
		A7477C14243607FF00F64B83 /* README.md */ = {isa = PBXFileReference; lastKnownFileType = net.daringfireball.markdown; path = README.md; sourceTree = "<group>"; };
/* End PBXFileReference section */

/* Begin PBXFrameworksBuildPhase section */
		A7477BE32434CC4200F64B83 /* Frameworks */ = {
			isa = PBXFrameworksBuildPhase;
			buildActionMask = 2147483647;
			files = (
			);
			runOnlyForDeploymentPostprocessing = 0;
		};
/* End PBXFrameworksBuildPhase section */

/* Begin PBXGroup section */
		A7477BDD2434CC4200F64B83 = {
			isa = PBXGroup;
			children = (
				A7477C14243607FF00F64B83 /* README.md */,
				A7477BE82434CC4200F64B83 /* KeyboardDemo */,
				A7477BE72434CC4200F64B83 /* Products */,
			);
			sourceTree = "<group>";
		};
		A7477BE72434CC4200F64B83 /* Products */ = {
			isa = PBXGroup;
			children = (
				A7477BE62434CC4200F64B83 /* KeyboardDemo.app */,
			);
			name = Products;
			sourceTree = "<group>";
		};
		A7477BE82434CC4200F64B83 /* KeyboardDemo */ = {
			isa = PBXGroup;
			children = (
				A7477BE92434CC4200F64B83 /* AppDelegate.swift */,
				A7477C11243604CE00F64B83 /* UIKit */,
				A7477C10243604BA00F64B83 /* TVML */,
				A7477BED2434CC4200F64B83 /* Main.storyboard */,
				A7477BF02434CC4500F64B83 /* Assets.xcassets */,
				A7477BF22434CC4500F64B83 /* LaunchScreen.storyboard */,
				A7477BF52434CC4500F64B83 /* Info.plist */,
			);
			path = KeyboardDemo;
			sourceTree = "<group>";
		};
		A7477C10243604BA00F64B83 /* TVML */ = {
			isa = PBXGroup;
			children = (
				A7477C072435E3D300F64B83 /* ResourceLoader.swift */,
				A7477C032435E1D700F64B83 /* main.js */,
				A7477C122436053F00F64B83 /* text.tvml */,
				A7477C0B243603F700F64B83 /* form.tvml */,
				A7477C0E2436045D00F64B83 /* search.tvml */,
			);
			path = TVML;
			sourceTree = "<group>";
		};
		A7477C11243604CE00F64B83 /* UIKit */ = {
			isa = PBXGroup;
			children = (
				A7477BEB2434CC4200F64B83 /* ViewController.swift */,
				A7477BFD2434FC7600F64B83 /* SearchViewController.swift */,
				A7477C012435E03B00F64B83 /* TabBarViewController.swift */,
			);
			path = UIKit;
			sourceTree = "<group>";
		};
/* End PBXGroup section */

/* Begin PBXNativeTarget section */
		A7477BE52434CC4200F64B83 /* KeyboardDemo */ = {
			isa = PBXNativeTarget;
			buildConfigurationList = A7477BF82434CC4500F64B83 /* Build configuration list for PBXNativeTarget "KeyboardDemo" */;
			buildPhases = (
				A7477BE22434CC4200F64B83 /* Sources */,
				A7477BE32434CC4200F64B83 /* Frameworks */,
				A7477BE42434CC4200F64B83 /* Resources */,
			);
			buildRules = (
			);
			dependencies = (
			);
			name = KeyboardDemo;
			productName = KeyboardDemo;
			productReference = A7477BE62434CC4200F64B83 /* KeyboardDemo.app */;
			productType = "com.apple.product-type.application";
		};
/* End PBXNativeTarget section */

/* Begin PBXProject section */
		A7477BDE2434CC4200F64B83 /* Project object */ = {
			isa = PBXProject;
			attributes = {
				LastSwiftUpdateCheck = 1140;
				LastUpgradeCheck = 1140;
				ORGANIZATIONNAME = "Michael Borgmann";
				TargetAttributes = {
					A7477BE52434CC4200F64B83 = {
						CreatedOnToolsVersion = 11.4;
					};
				};
			};
			buildConfigurationList = A7477BE12434CC4200F64B83 /* Build configuration list for PBXProject "KeyboardDemo" */;
			compatibilityVersion = "Xcode 9.3";
			developmentRegion = en;
			hasScannedForEncodings = 0;
			knownRegions = (
				en,
				Base,
			);
			mainGroup = A7477BDD2434CC4200F64B83;
			productRefGroup = A7477BE72434CC4200F64B83 /* Products */;
			projectDirPath = "";
			projectRoot = "";
			targets = (
				A7477BE52434CC4200F64B83 /* KeyboardDemo */,
			);
		};
/* End PBXProject section */

/* Begin PBXResourcesBuildPhase section */
		A7477BE42434CC4200F64B83 /* Resources */ = {
			isa = PBXResourcesBuildPhase;
			buildActionMask = 2147483647;
			files = (
				A7477C0D2436044700F64B83 /* form.tvml in Resources */,
				A7477C0F2436045D00F64B83 /* search.tvml in Resources */,
				A7477BF42434CC4500F64B83 /* LaunchScreen.storyboard in Resources */,
				A7477C132436053F00F64B83 /* text.tvml in Resources */,
				A7477BF12434CC4500F64B83 /* Assets.xcassets in Resources */,
				A7477BEF2434CC4200F64B83 /* Main.storyboard in Resources */,
				A7477C042435E1D700F64B83 /* main.js in Resources */,
			);
			runOnlyForDeploymentPostprocessing = 0;
		};
/* End PBXResourcesBuildPhase section */

/* Begin PBXSourcesBuildPhase section */
		A7477BE22434CC4200F64B83 /* Sources */ = {
			isa = PBXSourcesBuildPhase;
			buildActionMask = 2147483647;
			files = (
				A7477C022435E03B00F64B83 /* TabBarViewController.swift in Sources */,
				A7477C0C243603F700F64B83 /* form.tvml in Sources */,
				A7477BEC2434CC4200F64B83 /* ViewController.swift in Sources */,
				A7477C082435E3D300F64B83 /* ResourceLoader.swift in Sources */,
				A7477BFE2434FC7600F64B83 /* SearchViewController.swift in Sources */,
				A7477BEA2434CC4200F64B83 /* AppDelegate.swift in Sources */,
			);
			runOnlyForDeploymentPostprocessing = 0;
		};
/* End PBXSourcesBuildPhase section */

/* Begin PBXVariantGroup section */
		A7477BED2434CC4200F64B83 /* Main.storyboard */ = {
			isa = PBXVariantGroup;
			children = (
				A7477BEE2434CC4200F64B83 /* Base */,
			);
			name = Main.storyboard;
			sourceTree = "<group>";
		};
		A7477BF22434CC4500F64B83 /* LaunchScreen.storyboard */ = {
			isa = PBXVariantGroup;
			children = (
				A7477BF32434CC4500F64B83 /* Base */,
			);
			name = LaunchScreen.storyboard;
			sourceTree = "<group>";
		};
/* End PBXVariantGroup section */

/* Begin XCBuildConfiguration section */
		A7477BF62434CC4500F64B83 /* Debug */ = {
			isa = XCBuildConfiguration;
			buildSettings = {
				ALWAYS_SEARCH_USER_PATHS = NO;
				CLANG_ANALYZER_NONNULL = YES;
				CLANG_ANALYZER_NUMBER_OBJECT_CONVERSION = YES_AGGRESSIVE;
				CLANG_CXX_LANGUAGE_STANDARD = "gnu++14";
				CLANG_CXX_LIBRARY = "libc++";
				CLANG_ENABLE_MODULES = YES;
				CLANG_ENABLE_OBJC_ARC = YES;
				CLANG_ENABLE_OBJC_WEAK = YES;
				CLANG_WARN_BLOCK_CAPTURE_AUTORELEASING = YES;
				CLANG_WARN_BOOL_CONVERSION = YES;
				CLANG_WARN_COMMA = YES;
				CLANG_WARN_CONSTANT_CONVERSION = YES;
				CLANG_WARN_DEPRECATED_OBJC_IMPLEMENTATIONS = YES;
				CLANG_WARN_DIRECT_OBJC_ISA_USAGE = YES_ERROR;
				CLANG_WARN_DOCUMENTATION_COMMENTS = YES;
				CLANG_WARN_EMPTY_BODY = YES;
				CLANG_WARN_ENUM_CONVERSION = YES;
				CLANG_WARN_INFINITE_RECURSION = YES;
				CLANG_WARN_INT_CONVERSION = YES;
				CLANG_WARN_NON_LITERAL_NULL_CONVERSION = YES;
				CLANG_WARN_OBJC_IMPLICIT_RETAIN_SELF = YES;
				CLANG_WARN_OBJC_LITERAL_CONVERSION = YES;
				CLANG_WARN_OBJC_ROOT_CLASS = YES_ERROR;
				CLANG_WARN_RANGE_LOOP_ANALYSIS = YES;
				CLANG_WARN_STRICT_PROTOTYPES = YES;
				CLANG_WARN_SUSPICIOUS_MOVE = YES;
				CLANG_WARN_UNGUARDED_AVAILABILITY = YES_AGGRESSIVE;
				CLANG_WARN_UNREACHABLE_CODE = YES;
				CLANG_WARN__DUPLICATE_METHOD_MATCH = YES;
				COPY_PHASE_STRIP = NO;
				DEBUG_INFORMATION_FORMAT = dwarf;
				ENABLE_STRICT_OBJC_MSGSEND = YES;
				ENABLE_TESTABILITY = YES;
				GCC_C_LANGUAGE_STANDARD = gnu11;
				GCC_DYNAMIC_NO_PIC = NO;
				GCC_NO_COMMON_BLOCKS = YES;
				GCC_OPTIMIZATION_LEVEL = 0;
				GCC_PREPROCESSOR_DEFINITIONS = (
					"DEBUG=1",
					"$(inherited)",
				);
				GCC_WARN_64_TO_32_BIT_CONVERSION = YES;
				GCC_WARN_ABOUT_RETURN_TYPE = YES_ERROR;
				GCC_WARN_UNDECLARED_SELECTOR = YES;
				GCC_WARN_UNINITIALIZED_AUTOS = YES_AGGRESSIVE;
				GCC_WARN_UNUSED_FUNCTION = YES;
				GCC_WARN_UNUSED_VARIABLE = YES;
				MTL_ENABLE_DEBUG_INFO = INCLUDE_SOURCE;
				MTL_FAST_MATH = YES;
				ONLY_ACTIVE_ARCH = YES;
				SDKROOT = appletvos;
				SWIFT_ACTIVE_COMPILATION_CONDITIONS = DEBUG;
				SWIFT_OPTIMIZATION_LEVEL = "-Onone";
				TVOS_DEPLOYMENT_TARGET = 13.4;
			};
			name = Debug;
		};
		A7477BF72434CC4500F64B83 /* Release */ = {
			isa = XCBuildConfiguration;
			buildSettings = {
				ALWAYS_SEARCH_USER_PATHS = NO;
				CLANG_ANALYZER_NONNULL = YES;
				CLANG_ANALYZER_NUMBER_OBJECT_CONVERSION = YES_AGGRESSIVE;
				CLANG_CXX_LANGUAGE_STANDARD = "gnu++14";
				CLANG_CXX_LIBRARY = "libc++";
				CLANG_ENABLE_MODULES = YES;
				CLANG_ENABLE_OBJC_ARC = YES;
				CLANG_ENABLE_OBJC_WEAK = YES;
				CLANG_WARN_BLOCK_CAPTURE_AUTORELEASING = YES;
				CLANG_WARN_BOOL_CONVERSION = YES;
				CLANG_WARN_COMMA = YES;
				CLANG_WARN_CONSTANT_CONVERSION = YES;
				CLANG_WARN_DEPRECATED_OBJC_IMPLEMENTATIONS = YES;
				CLANG_WARN_DIRECT_OBJC_ISA_USAGE = YES_ERROR;
				CLANG_WARN_DOCUMENTATION_COMMENTS = YES;
				CLANG_WARN_EMPTY_BODY = YES;
				CLANG_WARN_ENUM_CONVERSION = YES;
				CLANG_WARN_INFINITE_RECURSION = YES;
				CLANG_WARN_INT_CONVERSION = YES;
				CLANG_WARN_NON_LITERAL_NULL_CONVERSION = YES;
				CLANG_WARN_OBJC_IMPLICIT_RETAIN_SELF = YES;
				CLANG_WARN_OBJC_LITERAL_CONVERSION = YES;
				CLANG_WARN_OBJC_ROOT_CLASS = YES_ERROR;
				CLANG_WARN_RANGE_LOOP_ANALYSIS = YES;
				CLANG_WARN_STRICT_PROTOTYPES = YES;
				CLANG_WARN_SUSPICIOUS_MOVE = YES;
				CLANG_WARN_UNGUARDED_AVAILABILITY = YES_AGGRESSIVE;
				CLANG_WARN_UNREACHABLE_CODE = YES;
				CLANG_WARN__DUPLICATE_METHOD_MATCH = YES;
				COPY_PHASE_STRIP = NO;
				DEBUG_INFORMATION_FORMAT = "dwarf-with-dsym";
				ENABLE_NS_ASSERTIONS = NO;
				ENABLE_STRICT_OBJC_MSGSEND = YES;
				GCC_C_LANGUAGE_STANDARD = gnu11;
				GCC_NO_COMMON_BLOCKS = YES;
				GCC_WARN_64_TO_32_BIT_CONVERSION = YES;
				GCC_WARN_ABOUT_RETURN_TYPE = YES_ERROR;
				GCC_WARN_UNDECLARED_SELECTOR = YES;
				GCC_WARN_UNINITIALIZED_AUTOS = YES_AGGRESSIVE;
				GCC_WARN_UNUSED_FUNCTION = YES;
				GCC_WARN_UNUSED_VARIABLE = YES;
				MTL_ENABLE_DEBUG_INFO = NO;
				MTL_FAST_MATH = YES;
				SDKROOT = appletvos;
				SWIFT_COMPILATION_MODE = wholemodule;
				SWIFT_OPTIMIZATION_LEVEL = "-O";
				TVOS_DEPLOYMENT_TARGET = 13.4;
				VALIDATE_PRODUCT = YES;
			};
			name = Release;
		};
		A7477BF92434CC4500F64B83 /* Debug */ = {
			isa = XCBuildConfiguration;
			buildSettings = {
				ASSETCATALOG_COMPILER_APPICON_NAME = "App Icon & Top Shelf Image";
				CODE_SIGN_STYLE = Automatic;
				INFOPLIST_FILE = KeyboardDemo/Info.plist;
				LD_RUNPATH_SEARCH_PATHS = (
					"$(inherited)",
					"@executable_path/Frameworks",
				);
				PRODUCT_BUNDLE_IDENTIFIER = com.michaelborgmann.KeyboardDemo;
				PRODUCT_NAME = "$(TARGET_NAME)";
				SWIFT_VERSION = 5.0;
				TARGETED_DEVICE_FAMILY = 3;
			};
			name = Debug;
		};
		A7477BFA2434CC4500F64B83 /* Release */ = {
			isa = XCBuildConfiguration;
			buildSettings = {
				ASSETCATALOG_COMPILER_APPICON_NAME = "App Icon & Top Shelf Image";
				CODE_SIGN_STYLE = Automatic;
				INFOPLIST_FILE = KeyboardDemo/Info.plist;
				LD_RUNPATH_SEARCH_PATHS = (
					"$(inherited)",
					"@executable_path/Frameworks",
				);
				PRODUCT_BUNDLE_IDENTIFIER = com.michaelborgmann.KeyboardDemo;
				PRODUCT_NAME = "$(TARGET_NAME)";
				SWIFT_VERSION = 5.0;
				TARGETED_DEVICE_FAMILY = 3;
			};
			name = Release;
		};
/* End XCBuildConfiguration section */

/* Begin XCConfigurationList section */
		A7477BE12434CC4200F64B83 /* Build configuration list for PBXProject "KeyboardDemo" */ = {
			isa = XCConfigurationList;
			buildConfigurations = (
				A7477BF62434CC4500F64B83 /* Debug */,
				A7477BF72434CC4500F64B83 /* Release */,
			);
			defaultConfigurationIsVisible = 0;
			defaultConfigurationName = Release;
		};
		A7477BF82434CC4500F64B83 /* Build configuration list for PBXNativeTarget "KeyboardDemo" */ = {
			isa = XCConfigurationList;
			buildConfigurations = (
				A7477BF92434CC4500F64B83 /* Debug */,
				A7477BFA2434CC4500F64B83 /* Release */,
			);
			defaultConfigurationIsVisible = 0;
			defaultConfigurationName = Release;
		};
/* End XCConfigurationList section */
	};
	rootObject = A7477BDE2434CC4200F64B83 /* Project object */;
}
